
Microsoft Visual Studio Solution File, Format Version 12.00
# Visual Studio 15
VisualStudioVersion = 15.0.27004.2010
MinimumVisualStudioVersion = 10.0.40219.1
Project("{F2A71F9B-5D33-465A-A702-920D77279786}") = "deploy", "deploy.fsproj", "{146A085E-F1DD-4AD7-9626-204AA2A600EA}"
EndProject
Global
	GlobalSection(SolutionConfigurationPlatforms) = preSolution
		Debug|Any CPU = Debug|Any CPU
		Release|Any CPU = Release|Any CPU
	EndGlobalSection
	GlobalSection(ProjectConfigurationPlatforms) = postSolution
		{146A085E-F1DD-4AD7-9626-204AA2A600EA}.Debug|Any CPU.ActiveCfg = Debug|Any CPU
		{146A085E-F1DD-4AD7-9626-204AA2A600EA}.Debug|Any CPU.Build.0 = Debug|Any CPU
		{146A085E-F1DD-4AD7-9626-204AA2A600EA}.Release|Any CPU.ActiveCfg = Release|Any CPU
		{146A085E-F1DD-4AD7-9626-204AA2A600EA}.Release|Any CPU.Build.0 = Release|Any CPU
	EndGlobalSection
	GlobalSection(SolutionProperties) = preSolution
		HideSolutionNode = FALSE
	EndGlobalSection
	GlobalSection(ExtensibilityGlobals) = postSolution
		SolutionGuid = {38DEAD7D-B10E-4DD1-8C53-F7FE69D38DF5}
	EndGlobalSection
EndGlobal
